// !$*UTF8*$!
{
	archiveVersion = 1;
	classes = {
	};
	objectVersion = 46;
	objects = {

/* Begin PBXBuildFile section */
		6F63C6EB1C94F1C600CCE34E /* main.cpp in Sources */ = {isa = PBXBuildFile; fileRef = 6F63C6EA1C94F1C600CCE34E /* main.cpp */; };
		6F63C6F31C94F1F500CCE34E /* GLUT.framework in Frameworks */ = {isa = PBXBuildFile; fileRef = 6F63C6F11C94F1F500CCE34E /* GLUT.framework */; };
		6F63C6F41C94F1F500CCE34E /* OpenGL.framework in Frameworks */ = {isa = PBXBuildFile; fileRef = 6F63C6F21C94F1F500CCE34E /* OpenGL.framework */; };
		6F7DF96E1C9CFD9B0011AAD9 /* PieChartView.cpp in Sources */ = {isa = PBXBuildFile; fileRef = 6F7DF96C1C9CFD9B0011AAD9 /* PieChartView.cpp */; };
		6F7DF9711C9CFFC10011AAD9 /* CGGeometry.cpp in Sources */ = {isa = PBXBuildFile; fileRef = 6F7DF96F1C9CFFC10011AAD9 /* CGGeometry.cpp */; };
		A3EF9E441C96554500C3B053 /* BarChartView.cpp in Sources */ = {isa = PBXBuildFile; fileRef = A3EF9E421C96554500C3B053 /* BarChartView.cpp */; };
/* End PBXBuildFile section */

/* Begin PBXCopyFilesBuildPhase section */
		6F63C6E51C94F1C600CCE34E /* CopyFiles */ = {
			isa = PBXCopyFilesBuildPhase;
			buildActionMask = 2147483647;
			dstPath = /usr/share/man/man1/;
			dstSubfolderSpec = 0;
			files = (
			);
			runOnlyForDeploymentPostprocessing = 1;
		};
/* End PBXCopyFilesBuildPhase section */

/* Begin PBXFileReference section */
		6F63C6E71C94F1C600CCE34E /* GLUTGraphApplication */ = {isa = PBXFileReference; explicitFileType = "compiled.mach-o.executable"; includeInIndex = 0; path = GLUTGraphApplication; sourceTree = BUILT_PRODUCTS_DIR; };
		6F63C6EA1C94F1C600CCE34E /* main.cpp */ = {isa = PBXFileReference; lastKnownFileType = sourcecode.cpp.cpp; path = main.cpp; sourceTree = "<group>"; };
		6F63C6F11C94F1F500CCE34E /* GLUT.framework */ = {isa = PBXFileReference; lastKnownFileType = wrapper.framework; name = GLUT.framework; path = System/Library/Frameworks/GLUT.framework; sourceTree = SDKROOT; };
		6F63C6F21C94F1F500CCE34E /* OpenGL.framework */ = {isa = PBXFileReference; lastKnownFileType = wrapper.framework; name = OpenGL.framework; path = System/Library/Frameworks/OpenGL.framework; sourceTree = SDKROOT; };
		6F7DF96C1C9CFD9B0011AAD9 /* PieChartView.cpp */ = {isa = PBXFileReference; fileEncoding = 4; lastKnownFileType = sourcecode.cpp.cpp; path = PieChartView.cpp; sourceTree = "<group>"; };
		6F7DF96D1C9CFD9B0011AAD9 /* PieChartView.hpp */ = {isa = PBXFileReference; fileEncoding = 4; lastKnownFileType = sourcecode.cpp.h; path = PieChartView.hpp; sourceTree = "<group>"; };
		6F7DF96F1C9CFFC10011AAD9 /* CGGeometry.cpp */ = {isa = PBXFileReference; fileEncoding = 4; lastKnownFileType = sourcecode.cpp.cpp; path = CGGeometry.cpp; sourceTree = "<group>"; };
		6F7DF9701C9CFFC10011AAD9 /* CGGeometry.hpp */ = {isa = PBXFileReference; fileEncoding = 4; lastKnownFileType = sourcecode.cpp.h; path = CGGeometry.hpp; sourceTree = "<group>"; };
		A3EF9E421C96554500C3B053 /* BarChartView.cpp */ = {isa = PBXFileReference; fileEncoding = 4; lastKnownFileType = sourcecode.cpp.cpp; path = BarChartView.cpp; sourceTree = "<group>"; };
		A3EF9E431C96554500C3B053 /* BarChartView.hpp */ = {isa = PBXFileReference; fileEncoding = 4; lastKnownFileType = sourcecode.cpp.h; path = BarChartView.hpp; sourceTree = "<group>"; };
/* End PBXFileReference section */

/* Begin PBXFrameworksBuildPhase section */
		6F63C6E41C94F1C600CCE34E /* Frameworks */ = {
			isa = PBXFrameworksBuildPhase;
			buildActionMask = 2147483647;
			files = (
				6F63C6F31C94F1F500CCE34E /* GLUT.framework in Frameworks */,
				6F63C6F41C94F1F500CCE34E /* OpenGL.framework in Frameworks */,
			);
			runOnlyForDeploymentPostprocessing = 0;
		};
/* End PBXFrameworksBuildPhase section */

/* Begin PBXGroup section */
		6F63C6DE1C94F1C600CCE34E = {
			isa = PBXGroup;
			children = (
				6F63C6F11C94F1F500CCE34E /* GLUT.framework */,
				6F63C6F21C94F1F500CCE34E /* OpenGL.framework */,
				6F63C6E91C94F1C600CCE34E /* GLUTGraphApplication */,
				6F63C6E81C94F1C600CCE34E /* Products */,
			);
			sourceTree = "<group>";
		};
		6F63C6E81C94F1C600CCE34E /* Products */ = {
			isa = PBXGroup;
			children = (
				6F63C6E71C94F1C600CCE34E /* GLUTGraphApplication */,
			);
			name = Products;
			sourceTree = "<group>";
		};
		6F63C6E91C94F1C600CCE34E /* GLUTGraphApplication */ = {
			isa = PBXGroup;
			children = (
				6F63C6EA1C94F1C600CCE34E /* main.cpp */,
				A3EF9E421C96554500C3B053 /* BarChartView.cpp */,
				A3EF9E431C96554500C3B053 /* BarChartView.hpp */,
				6F7DF96C1C9CFD9B0011AAD9 /* PieChartView.cpp */,
				6F7DF96D1C9CFD9B0011AAD9 /* PieChartView.hpp */,
				6F7DF96F1C9CFFC10011AAD9 /* CGGeometry.cpp */,
				6F7DF9701C9CFFC10011AAD9 /* CGGeometry.hpp */,
			);
			path = GLUTGraphApplication;
			sourceTree = "<group>";
		};
/* End PBXGroup section */

/* Begin PBXNativeTarget section */
		6F63C6E61C94F1C600CCE34E /* GLUTGraphApplication */ = {
			isa = PBXNativeTarget;
			buildConfigurationList = 6F63C6EE1C94F1C600CCE34E /* Build configuration list for PBXNativeTarget "GLUTGraphApplication" */;
			buildPhases = (
				6F63C6E31C94F1C600CCE34E /* Sources */,
				6F63C6E41C94F1C600CCE34E /* Frameworks */,
				6F63C6E51C94F1C600CCE34E /* CopyFiles */,
			);
			buildRules = (
			);
			dependencies = (
			);
			name = GLUTGraphApplication;
			productName = GLUTGraphApplication;
			productReference = 6F63C6E71C94F1C600CCE34E /* GLUTGraphApplication */;
			productType = "com.apple.product-type.tool";
		};
/* End PBXNativeTarget section */

/* Begin PBXProject section */
		6F63C6DF1C94F1C600CCE34E /* Project object */ = {
			isa = PBXProject;
			attributes = {
				LastUpgradeCheck = 0720;
				ORGANIZATIONNAME = "Benjamin Johnson";
				TargetAttributes = {
					6F63C6E61C94F1C600CCE34E = {
						CreatedOnToolsVersion = 7.2.1;
					};
				};
			};
			buildConfigurationList = 6F63C6E21C94F1C600CCE34E /* Build configuration list for PBXProject "GLUTGraphApplication" */;
			compatibilityVersion = "Xcode 3.2";
			developmentRegion = English;
			hasScannedForEncodings = 0;
			knownRegions = (
				en,
			);
			mainGroup = 6F63C6DE1C94F1C600CCE34E;
			productRefGroup = 6F63C6E81C94F1C600CCE34E /* Products */;
			projectDirPath = "";
			projectRoot = "";
			targets = (
				6F63C6E61C94F1C600CCE34E /* GLUTGraphApplication */,
			);
		};
/* End PBXProject section */

/* Begin PBXSourcesBuildPhase section */
		6F63C6E31C94F1C600CCE34E /* Sources */ = {
			isa = PBXSourcesBuildPhase;
			buildActionMask = 2147483647;
			files = (
				6F7DF96E1C9CFD9B0011AAD9 /* PieChartView.cpp in Sources */,
				6F7DF9711C9CFFC10011AAD9 /* CGGeometry.cpp in Sources */,
				6F63C6EB1C94F1C600CCE34E /* main.cpp in Sources */,
				A3EF9E441C96554500C3B053 /* BarChartView.cpp in Sources */,
			);
			runOnlyForDeploymentPostprocessing = 0;
		};
/* End PBXSourcesBuildPhase section */

/* Begin XCBuildConfiguration section */
		6F63C6EC1C94F1C600CCE34E /* Debug */ = {
			isa = XCBuildConfiguration;
			buildSettings = {
				ALWAYS_SEARCH_USER_PATHS = NO;
				CLANG_CXX_LANGUAGE_STANDARD = "gnu++0x";
				CLANG_CXX_LIBRARY = "libc++";
				CLANG_ENABLE_MODULES = YES;
				CLANG_ENABLE_OBJC_ARC = YES;
				CLANG_WARN_BOOL_CONVERSION = YES;
				CLANG_WARN_CONSTANT_CONVERSION = YES;
				CLANG_WARN_DIRECT_OBJC_ISA_USAGE = YES_ERROR;
				CLANG_WARN_EMPTY_BODY = YES;
				CLANG_WARN_ENUM_CONVERSION = YES;
				CLANG_WARN_INT_CONVERSION = YES;
				CLANG_WARN_OBJC_ROOT_CLASS = YES_ERROR;
				CLANG_WARN_UNREACHABLE_CODE = YES;
				CLANG_WARN__DUPLICATE_METHOD_MATCH = YES;
				CODE_SIGN_IDENTITY = "-";
				COPY_PHASE_STRIP = NO;
				DEBUG_INFORMATION_FORMAT = dwarf;
				ENABLE_STRICT_OBJC_MSGSEND = YES;
				ENABLE_TESTABILITY = YES;
				GCC_C_LANGUAGE_STANDARD = gnu99;
				GCC_DYNAMIC_NO_PIC = NO;
				GCC_NO_COMMON_BLOCKS = YES;
				GCC_OPTIMIZATION_LEVEL = 0;
				GCC_PREPROCESSOR_DEFINITIONS = (
					"DEBUG=1",
					"$(inherited)",
				);
				GCC_WARN_64_TO_32_BIT_CONVERSION = YES;
				GCC_WARN_ABOUT_RETURN_TYPE = YES_ERROR;
				GCC_WARN_UNDECLARED_SELECTOR = YES;
				GCC_WARN_UNINITIALIZED_AUTOS = YES_AGGRESSIVE;
				GCC_WARN_UNUSED_FUNCTION = YES;
				GCC_WARN_UNUSED_VARIABLE = YES;
				MACOSX_DEPLOYMENT_TARGET = 10.8;
				MTL_ENABLE_DEBUG_INFO = YES;
				ONLY_ACTIVE_ARCH = YES;
				SDKROOT = macosx;
			};
			name = Debug;
		};
		6F63C6ED1C94F1C600CCE34E /* Release */ = {
			isa = XCBuildConfiguration;
			buildSettings = {
				ALWAYS_SEARCH_USER_PATHS = NO;
				CLANG_CXX_LANGUAGE_STANDARD = "gnu++0x";
				CLANG_CXX_LIBRARY = "libc++";
				CLANG_ENABLE_MODULES = YES;
				CLANG_ENABLE_OBJC_ARC = YES;
				CLANG_WARN_BOOL_CONVERSION = YES;
				CLANG_WARN_CONSTANT_CONVERSION = YES;
				CLANG_WARN_DIRECT_OBJC_ISA_USAGE = YES_ERROR;
				CLANG_WARN_EMPTY_BODY = YES;
				CLANG_WARN_ENUM_CONVERSION = YES;
				CLANG_WARN_INT_CONVERSION = YES;
				CLANG_WARN_OBJC_ROOT_CLASS = YES_ERROR;
				CLANG_WARN_UNREACHABLE_CODE = YES;
				CLANG_WARN__DUPLICATE_METHOD_MATCH = YES;
				CODE_SIGN_IDENTITY = "-";
				COPY_PHASE_STRIP = NO;
				DEBUG_INFORMATION_FORMAT = "dwarf-with-dsym";
				ENABLE_NS_ASSERTIONS = NO;
				ENABLE_STRICT_OBJC_MSGSEND = YES;
				GCC_C_LANGUAGE_STANDARD = gnu99;
				GCC_NO_COMMON_BLOCKS = YES;
				GCC_WARN_64_TO_32_BIT_CONVERSION = YES;
				GCC_WARN_ABOUT_RETURN_TYPE = YES_ERROR;
				GCC_WARN_UNDECLARED_SELECTOR = YES;
				GCC_WARN_UNINITIALIZED_AUTOS = YES_AGGRESSIVE;
				GCC_WARN_UNUSED_FUNCTION = YES;
				GCC_WARN_UNUSED_VARIABLE = YES;
				MACOSX_DEPLOYMENT_TARGET = 10.8;
				MTL_ENABLE_DEBUG_INFO = NO;
				SDKROOT = macosx;
			};
			name = Release;
		};
		6F63C6EF1C94F1C600CCE34E /* Debug */ = {
			isa = XCBuildConfiguration;
			buildSettings = {
				PRODUCT_NAME = "$(TARGET_NAME)";
			};
			name = Debug;
		};
		6F63C6F01C94F1C600CCE34E /* Release */ = {
			isa = XCBuildConfiguration;
			buildSettings = {
				PRODUCT_NAME = "$(TARGET_NAME)";
			};
			name = Release;
		};
/* End XCBuildConfiguration section */

/* Begin XCConfigurationList section */
		6F63C6E21C94F1C600CCE34E /* Build configuration list for PBXProject "GLUTGraphApplication" */ = {
			isa = XCConfigurationList;
			buildConfigurations = (
				6F63C6EC1C94F1C600CCE34E /* Debug */,
				6F63C6ED1C94F1C600CCE34E /* Release */,
			);
			defaultConfigurationIsVisible = 0;
			defaultConfigurationName = Release;
		};
		6F63C6EE1C94F1C600CCE34E /* Build configuration list for PBXNativeTarget "GLUTGraphApplication" */ = {
			isa = XCConfigurationList;
			buildConfigurations = (
				6F63C6EF1C94F1C600CCE34E /* Debug */,
				6F63C6F01C94F1C600CCE34E /* Release */,
			);
			defaultConfigurationIsVisible = 0;
			defaultConfigurationName = Release;
		};
/* End XCConfigurationList section */
	};
	rootObject = 6F63C6DF1C94F1C600CCE34E /* Project object */;
}
